
Microsoft Visual Studio Solution File, Format Version 12.00
# Visual Studio Version 16
VisualStudioVersion = 16.0.29009.5
MinimumVisualStudioVersion = 10.0.40219.1
Project("{FAE04EC0-301F-11D3-BF4B-00C04F79EFBC}") = "AIAD.Library.Models", "src\AIAD.Library.Models\AIAD.Library.Models.csproj", "{A5FACD06-0FAD-425E-A7F2-DFDED1B6C355}"
EndProject
Global
	GlobalSection(SolutionConfigurationPlatforms) = preSolution
		Debug|Any CPU = Debug|Any CPU
		Release|Any CPU = Release|Any CPU
	EndGlobalSection
	GlobalSection(ProjectConfigurationPlatforms) = postSolution
		{A5FACD06-0FAD-425E-A7F2-DFDED1B6C355}.Debug|Any CPU.ActiveCfg = Debug|Any CPU
		{A5FACD06-0FAD-425E-A7F2-DFDED1B6C355}.Debug|Any CPU.Build.0 = Debug|Any CPU
		{A5FACD06-0FAD-425E-A7F2-DFDED1B6C355}.Release|Any CPU.ActiveCfg = Release|Any CPU
		{A5FACD06-0FAD-425E-A7F2-DFDED1B6C355}.Release|Any CPU.Build.0 = Release|Any CPU
	EndGlobalSection
	GlobalSection(SolutionProperties) = preSolution
		HideSolutionNode = FALSE
	EndGlobalSection
	GlobalSection(ExtensibilityGlobals) = postSolution
		SolutionGuid = {F020F25B-0590-4080-8EA1-489CA9AE7760}
	EndGlobalSection
EndGlobal
